// !$*UTF8*$!
{
	archiveVersion = 1;
	classes = {
	};
	objectVersion = 77;
	objects = {

/* Begin PBXBuildFile section */
		22F0DE026E6BA746E20C90FF /* katex in Resources */ = {isa = PBXBuildFile; fileRef = 68F5F83F9E5D2EEB587385EF /* katex */; };
		2BDCB839CEB3F03E8538AAB4 /* Credentials.swift in Sources */ = {isa = PBXBuildFile; fileRef = 3091646F01947C00333241BA /* Credentials.swift */; };
		3FC1C085C37DA34DC9042909 /* AppModel.swift in Sources */ = {isa = PBXBuildFile; fileRef = BA965B5A2EF9CB2D031CB1FE /* AppModel.swift */; };
		49C25BFB2FE00A68F00BB1A9 /* book.css in Resources */ = {isa = PBXBuildFile; fileRef = 1F4412C6E6B26DC131C54235 /* book.css */; };
		5C223EEF7AE0AF48A9942AE5 /* SelfTest.swift in Sources */ = {isa = PBXBuildFile; fileRef = 87AA842BA32080A6287EB9A6 /* SelfTest.swift */; };
		8B7415A0D57A05F203D74AE1 /* book.js in Resources */ = {isa = PBXBuildFile; fileRef = 756BF2C5D73A3EFF3BD5C55C /* book.js */; };
		8C8562A01FFD05DE4D17DD2A /* default-book.json in Resources */ = {isa = PBXBuildFile; fileRef = 4424A63E2C94C4589C4B5A8F /* default-book.json */; };
		9A12A71D111DEE5FB1A1265C /* App.swift in Sources */ = {isa = PBXBuildFile; fileRef = 50A19EB4693171E14B4F6BAD /* App.swift */; };
		A0641BBC47F65EC186C3AA87 /* Sync.swift in Sources */ = {isa = PBXBuildFile; fileRef = 4FDBD0C79377E20146856D09 /* Sync.swift */; };
		A67BB45B6191D6A590258527 /* CheckViews.swift in Sources */ = {isa = PBXBuildFile; fileRef = 4E21F930C36788EA6466D67F /* CheckViews.swift */; };
		AF29D4E2D309DDDCBC3C20E1 /* Models.swift in Sources */ = {isa = PBXBuildFile; fileRef = 6CE4AEBB512C66BBEEE9B508 /* Models.swift */; };
		B512708502B49BDBA48396AE /* ReaderView.swift in Sources */ = {isa = PBXBuildFile; fileRef = 8BD571F77D5FE9104A4A17F3 /* ReaderView.swift */; };
		CE4995FD409AD790A8F172C0 /* TeachView.swift in Sources */ = {isa = PBXBuildFile; fileRef = 6F177C08E551698E85C6707E /* TeachView.swift */; };
		DD2CA6AC8A2B62274888FC97 /* Assets.xcassets in Resources */ = {isa = PBXBuildFile; fileRef = 478BD8C483632C32A1A65736 /* Assets.xcassets */; };
		F2ECDC1E394FEBDB5B86B36F /* MathText.swift in Sources */ = {isa = PBXBuildFile; fileRef = DF7A7AA69D4E3E6C07183050 /* MathText.swift */; };
		F46447C3421936C299644C1C /* chapter.html in Resources */ = {isa = PBXBuildFile; fileRef = 6C775179B7AF96D0B1017B5E /* chapter.html */; };
/* End PBXBuildFile section */

/* Begin PBXFileReference section */
		1CB1CBACDDC9D2B6E47206C7 /* Info.plist */ = {isa = PBXFileReference; lastKnownFileType = text.plist; path = Info.plist; sourceTree = "<group>"; };
		1F4412C6E6B26DC131C54235 /* book.css */ = {isa = PBXFileReference; lastKnownFileType = text.css; path = book.css; sourceTree = "<group>"; };
		2D6F3642FDD052AC3AE16540 /* Chiron.app */ = {isa = PBXFileReference; includeInIndex = 0; lastKnownFileType = wrapper.application; path = Chiron.app; sourceTree = BUILT_PRODUCTS_DIR; };
		3091646F01947C00333241BA /* Credentials.swift */ = {isa = PBXFileReference; lastKnownFileType = sourcecode.swift; path = Credentials.swift; sourceTree = "<group>"; };
		4424A63E2C94C4589C4B5A8F /* default-book.json */ = {isa = PBXFileReference; lastKnownFileType = text.json; path = "default-book.json"; sourceTree = "<group>"; };
		478BD8C483632C32A1A65736 /* Assets.xcassets */ = {isa = PBXFileReference; lastKnownFileType = folder.assetcatalog; path = Assets.xcassets; sourceTree = "<group>"; };
		4E21F930C36788EA6466D67F /* CheckViews.swift */ = {isa = PBXFileReference; lastKnownFileType = sourcecode.swift; path = CheckViews.swift; sourceTree = "<group>"; };
		4FDBD0C79377E20146856D09 /* Sync.swift */ = {isa = PBXFileReference; lastKnownFileType = sourcecode.swift; path = Sync.swift; sourceTree = "<group>"; };
		50A19EB4693171E14B4F6BAD /* App.swift */ = {isa = PBXFileReference; lastKnownFileType = sourcecode.swift; path = App.swift; sourceTree = "<group>"; };
		68F5F83F9E5D2EEB587385EF /* katex */ = {isa = PBXFileReference; lastKnownFileType = folder; name = katex; path = Chiron/Resources/katex; sourceTree = SOURCE_ROOT; };
		6C775179B7AF96D0B1017B5E /* chapter.html */ = {isa = PBXFileReference; lastKnownFileType = text.html; path = chapter.html; sourceTree = "<group>"; };
		6CE4AEBB512C66BBEEE9B508 /* Models.swift */ = {isa = PBXFileReference; lastKnownFileType = sourcecode.swift; path = Models.swift; sourceTree = "<group>"; };
		6F177C08E551698E85C6707E /* TeachView.swift */ = {isa = PBXFileReference; lastKnownFileType = sourcecode.swift; path = TeachView.swift; sourceTree = "<group>"; };
		756BF2C5D73A3EFF3BD5C55C /* book.js */ = {isa = PBXFileReference; lastKnownFileType = sourcecode.javascript; path = book.js; sourceTree = "<group>"; };
		87AA842BA32080A6287EB9A6 /* SelfTest.swift */ = {isa = PBXFileReference; lastKnownFileType = sourcecode.swift; path = SelfTest.swift; sourceTree = "<group>"; };
		8BD571F77D5FE9104A4A17F3 /* ReaderView.swift */ = {isa = PBXFileReference; lastKnownFileType = sourcecode.swift; path = ReaderView.swift; sourceTree = "<group>"; };
		BA965B5A2EF9CB2D031CB1FE /* AppModel.swift */ = {isa = PBXFileReference; lastKnownFileType = sourcecode.swift; path = AppModel.swift; sourceTree = "<group>"; };
		DF7A7AA69D4E3E6C07183050 /* MathText.swift */ = {isa = PBXFileReference; lastKnownFileType = sourcecode.swift; path = MathText.swift; sourceTree = "<group>"; };
/* End PBXFileReference section */

/* Begin PBXGroup section */
		18688403B5A7406E79EB56D8 /* Resources */ = {
			isa = PBXGroup;
			children = (
				1F4412C6E6B26DC131C54235 /* book.css */,
				756BF2C5D73A3EFF3BD5C55C /* book.js */,
				6C775179B7AF96D0B1017B5E /* chapter.html */,
				4424A63E2C94C4589C4B5A8F /* default-book.json */,
			);
			path = Resources;
			sourceTree = "<group>";
		};
		239752A9BB87BA2A94EADF28 /* Chiron */ = {
			isa = PBXGroup;
			children = (
				50A19EB4693171E14B4F6BAD /* App.swift */,
				BA965B5A2EF9CB2D031CB1FE /* AppModel.swift */,
				478BD8C483632C32A1A65736 /* Assets.xcassets */,
				4E21F930C36788EA6466D67F /* CheckViews.swift */,
				3091646F01947C00333241BA /* Credentials.swift */,
				1CB1CBACDDC9D2B6E47206C7 /* Info.plist */,
				DF7A7AA69D4E3E6C07183050 /* MathText.swift */,
				6CE4AEBB512C66BBEEE9B508 /* Models.swift */,
				8BD571F77D5FE9104A4A17F3 /* ReaderView.swift */,
				87AA842BA32080A6287EB9A6 /* SelfTest.swift */,
				4FDBD0C79377E20146856D09 /* Sync.swift */,
				6F177C08E551698E85C6707E /* TeachView.swift */,
				18688403B5A7406E79EB56D8 /* Resources */,
			);
			path = Chiron;
			sourceTree = "<group>";
		};
		4810D2B0E90D2CDCD6AA570D = {
			isa = PBXGroup;
			children = (
				68F5F83F9E5D2EEB587385EF /* katex */,
				239752A9BB87BA2A94EADF28 /* Chiron */,
				927FE4EDAA74BD3F9BCB9D38 /* Products */,
			);
			sourceTree = "<group>";
		};
		927FE4EDAA74BD3F9BCB9D38 /* Products */ = {
			isa = PBXGroup;
			children = (
				2D6F3642FDD052AC3AE16540 /* Chiron.app */,
			);
			name = Products;
			sourceTree = "<group>";
		};
/* End PBXGroup section */

/* Begin PBXNativeTarget section */
		D2AE88B4FBD262E09816A6CA /* Chiron */ = {
			isa = PBXNativeTarget;
			buildConfigurationList = F6A9856ADE9185E6A42C79C5 /* Build configuration list for PBXNativeTarget "Chiron" */;
			buildPhases = (
				073C707B38913B93631E77AA /* Sources */,
				B7549C662ED4B59B24639996 /* Resources */,
			);
			buildRules = (
			);
			dependencies = (
			);
			name = Chiron;
			packageProductDependencies = (
			);
			productName = Chiron;
			productReference = 2D6F3642FDD052AC3AE16540 /* Chiron.app */;
			productType = "com.apple.product-type.application";
		};
/* End PBXNativeTarget section */

/* Begin PBXProject section */
		88AF112FA0F27BB17F7933AB /* Project object */ = {
			isa = PBXProject;
			attributes = {
				BuildIndependentTargetsInParallel = YES;
				LastUpgradeCheck = 1430;
				TargetAttributes = {
					D2AE88B4FBD262E09816A6CA = {
						DevelopmentTeam = ${CHIRON_TEAM_ID};
						ProvisioningStyle = Automatic;
					};
				};
			};
			buildConfigurationList = E26C8EA783A0643D4C901473 /* Build configuration list for PBXProject "Chiron" */;
			developmentRegion = en;
			hasScannedForEncodings = 0;
			knownRegions = (
				Base,
				en,
			);
			mainGroup = 4810D2B0E90D2CDCD6AA570D;
			minimizedProjectReferenceProxies = 1;
			preferredProjectObjectVersion = 77;
			productRefGroup = 927FE4EDAA74BD3F9BCB9D38 /* Products */;
			projectDirPath = "";
			projectRoot = "";
			targets = (
				D2AE88B4FBD262E09816A6CA /* Chiron */,
			);
		};
/* End PBXProject section */

/* Begin PBXResourcesBuildPhase section */
		B7549C662ED4B59B24639996 /* Resources */ = {
			isa = PBXResourcesBuildPhase;
			buildActionMask = 2147483647;
			files = (
				DD2CA6AC8A2B62274888FC97 /* Assets.xcassets in Resources */,
				49C25BFB2FE00A68F00BB1A9 /* book.css in Resources */,
				8B7415A0D57A05F203D74AE1 /* book.js in Resources */,
				F46447C3421936C299644C1C /* chapter.html in Resources */,
				8C8562A01FFD05DE4D17DD2A /* default-book.json in Resources */,
				22F0DE026E6BA746E20C90FF /* katex in Resources */,
			);
			runOnlyForDeploymentPostprocessing = 0;
		};
/* End PBXResourcesBuildPhase section */

/* Begin PBXSourcesBuildPhase section */
		073C707B38913B93631E77AA /* Sources */ = {
			isa = PBXSourcesBuildPhase;
			buildActionMask = 2147483647;
			files = (
				9A12A71D111DEE5FB1A1265C /* App.swift in Sources */,
				3FC1C085C37DA34DC9042909 /* AppModel.swift in Sources */,
				A67BB45B6191D6A590258527 /* CheckViews.swift in Sources */,
				2BDCB839CEB3F03E8538AAB4 /* Credentials.swift in Sources */,
				F2ECDC1E394FEBDB5B86B36F /* MathText.swift in Sources */,
				AF29D4E2D309DDDCBC3C20E1 /* Models.swift in Sources */,
				B512708502B49BDBA48396AE /* ReaderView.swift in Sources */,
				5C223EEF7AE0AF48A9942AE5 /* SelfTest.swift in Sources */,
				A0641BBC47F65EC186C3AA87 /* Sync.swift in Sources */,
				CE4995FD409AD790A8F172C0 /* TeachView.swift in Sources */,
			);
			runOnlyForDeploymentPostprocessing = 0;
		};
/* End PBXSourcesBuildPhase section */

/* Begin XCBuildConfiguration section */
		17F5E588D0DC107374061A3A /* Release */ = {
			isa = XCBuildConfiguration;
			buildSettings = {
				ALWAYS_SEARCH_USER_PATHS = NO;
				CLANG_ANALYZER_NONNULL = YES;
				CLANG_ANALYZER_NUMBER_OBJECT_CONVERSION = YES_AGGRESSIVE;
				CLANG_CXX_LANGUAGE_STANDARD = "gnu++14";
				CLANG_CXX_LIBRARY = "libc++";
				CLANG_ENABLE_MODULES = YES;
				CLANG_ENABLE_OBJC_ARC = YES;
				CLANG_ENABLE_OBJC_WEAK = YES;
				CLANG_WARN_BLOCK_CAPTURE_AUTORELEASING = YES;
				CLANG_WARN_BOOL_CONVERSION = YES;
				CLANG_WARN_COMMA = YES;
				CLANG_WARN_CONSTANT_CONVERSION = YES;
				CLANG_WARN_DEPRECATED_OBJC_IMPLEMENTATIONS = YES;
				CLANG_WARN_DIRECT_OBJC_ISA_USAGE = YES_ERROR;
				CLANG_WARN_DOCUMENTATION_COMMENTS = YES;
				CLANG_WARN_EMPTY_BODY = YES;
				CLANG_WARN_ENUM_CONVERSION = YES;
				CLANG_WARN_INFINITE_RECURSION = YES;
				CLANG_WARN_INT_CONVERSION = YES;
				CLANG_WARN_NON_LITERAL_NULL_CONVERSION = YES;
				CLANG_WARN_OBJC_IMPLICIT_RETAIN_SELF = YES;
				CLANG_WARN_OBJC_LITERAL_CONVERSION = YES;
				CLANG_WARN_OBJC_ROOT_CLASS = YES_ERROR;
				CLANG_WARN_QUOTED_INCLUDE_IN_FRAMEWORK_HEADER = YES;
				CLANG_WARN_RANGE_LOOP_ANALYSIS = YES;
				CLANG_WARN_STRICT_PROTOTYPES = YES;
				CLANG_WARN_SUSPICIOUS_MOVE = YES;
				CLANG_WARN_UNGUARDED_AVAILABILITY = YES_AGGRESSIVE;
				CLANG_WARN_UNREACHABLE_CODE = YES;
				CLANG_WARN__DUPLICATE_METHOD_MATCH = YES;
				COPY_PHASE_STRIP = NO;
				DEBUG_INFORMATION_FORMAT = "dwarf-with-dsym";
				ENABLE_NS_ASSERTIONS = NO;
				ENABLE_STRICT_OBJC_MSGSEND = YES;
				GCC_C_LANGUAGE_STANDARD = gnu11;
				GCC_NO_COMMON_BLOCKS = YES;
				GCC_WARN_64_TO_32_BIT_CONVERSION = YES;
				GCC_WARN_ABOUT_RETURN_TYPE = YES_ERROR;
				GCC_WARN_UNDECLARED_SELECTOR = YES;
				GCC_WARN_UNINITIALIZED_AUTOS = YES_AGGRESSIVE;
				GCC_WARN_UNUSED_FUNCTION = YES;
				GCC_WARN_UNUSED_VARIABLE = YES;
				IPHONEOS_DEPLOYMENT_TARGET = 15.0;
				MTL_ENABLE_DEBUG_INFO = NO;
				MTL_FAST_MATH = YES;
				PRODUCT_NAME = "$(TARGET_NAME)";
				SDKROOT = iphoneos;
				SWIFT_COMPILATION_MODE = wholemodule;
				SWIFT_OPTIMIZATION_LEVEL = "-O";
				SWIFT_VERSION = 5.0;
			};
			name = Release;
		};
		2A9E31F90FB30FD54E28675E /* Debug */ = {
			isa = XCBuildConfiguration;
			buildSettings = {
				ALWAYS_SEARCH_USER_PATHS = NO;
				CLANG_ANALYZER_NONNULL = YES;
				CLANG_ANALYZER_NUMBER_OBJECT_CONVERSION = YES_AGGRESSIVE;
				CLANG_CXX_LANGUAGE_STANDARD = "gnu++14";
				CLANG_CXX_LIBRARY = "libc++";
				CLANG_ENABLE_MODULES = YES;
				CLANG_ENABLE_OBJC_ARC = YES;
				CLANG_ENABLE_OBJC_WEAK = YES;
				CLANG_WARN_BLOCK_CAPTURE_AUTORELEASING = YES;
				CLANG_WARN_BOOL_CONVERSION = YES;
				CLANG_WARN_COMMA = YES;
				CLANG_WARN_CONSTANT_CONVERSION = YES;
				CLANG_WARN_DEPRECATED_OBJC_IMPLEMENTATIONS = YES;
				CLANG_WARN_DIRECT_OBJC_ISA_USAGE = YES_ERROR;
				CLANG_WARN_DOCUMENTATION_COMMENTS = YES;
				CLANG_WARN_EMPTY_BODY = YES;
				CLANG_WARN_ENUM_CONVERSION = YES;
				CLANG_WARN_INFINITE_RECURSION = YES;
				CLANG_WARN_INT_CONVERSION = YES;
				CLANG_WARN_NON_LITERAL_NULL_CONVERSION = YES;
				CLANG_WARN_OBJC_IMPLICIT_RETAIN_SELF = YES;
				CLANG_WARN_OBJC_LITERAL_CONVERSION = YES;
				CLANG_WARN_OBJC_ROOT_CLASS = YES_ERROR;
				CLANG_WARN_QUOTED_INCLUDE_IN_FRAMEWORK_HEADER = YES;
				CLANG_WARN_RANGE_LOOP_ANALYSIS = YES;
				CLANG_WARN_STRICT_PROTOTYPES = YES;
				CLANG_WARN_SUSPICIOUS_MOVE = YES;
				CLANG_WARN_UNGUARDED_AVAILABILITY = YES_AGGRESSIVE;
				CLANG_WARN_UNREACHABLE_CODE = YES;
				CLANG_WARN__DUPLICATE_METHOD_MATCH = YES;
				COPY_PHASE_STRIP = NO;
				DEBUG_INFORMATION_FORMAT = dwarf;
				ENABLE_STRICT_OBJC_MSGSEND = YES;
				ENABLE_TESTABILITY = YES;
				GCC_C_LANGUAGE_STANDARD = gnu11;
				GCC_DYNAMIC_NO_PIC = NO;
				GCC_NO_COMMON_BLOCKS = YES;
				GCC_OPTIMIZATION_LEVEL = 0;
				GCC_PREPROCESSOR_DEFINITIONS = (
					"$(inherited)",
					"DEBUG=1",
				);
				GCC_WARN_64_TO_32_BIT_CONVERSION = YES;
				GCC_WARN_ABOUT_RETURN_TYPE = YES_ERROR;
				GCC_WARN_UNDECLARED_SELECTOR = YES;
				GCC_WARN_UNINITIALIZED_AUTOS = YES_AGGRESSIVE;
				GCC_WARN_UNUSED_FUNCTION = YES;
				GCC_WARN_UNUSED_VARIABLE = YES;
				IPHONEOS_DEPLOYMENT_TARGET = 15.0;
				MTL_ENABLE_DEBUG_INFO = INCLUDE_SOURCE;
				MTL_FAST_MATH = YES;
				ONLY_ACTIVE_ARCH = YES;
				PRODUCT_NAME = "$(TARGET_NAME)";
				SDKROOT = iphoneos;
				SWIFT_ACTIVE_COMPILATION_CONDITIONS = DEBUG;
				SWIFT_OPTIMIZATION_LEVEL = "-Onone";
				SWIFT_VERSION = 5.0;
			};
			name = Debug;
		};
		2C16569547EA9C5C6D113C20 /* Release */ = {
			isa = XCBuildConfiguration;
			buildSettings = {
				ASSETCATALOG_COMPILER_APPICON_NAME = AppIcon;
				CODE_SIGN_IDENTITY = "iPhone Developer";
				CODE_SIGN_STYLE = Automatic;
				DEVELOPMENT_TEAM = ${CHIRON_TEAM_ID};
				GENERATE_INFOPLIST_FILE = YES;
				INFOPLIST_FILE = Chiron/Info.plist;
				INFOPLIST_KEY_UILaunchScreen_Generation = YES;
				INFOPLIST_KEY_UISupportedInterfaceOrientations_iPad = "UIInterfaceOrientationPortrait UIInterfaceOrientationLandscapeLeft UIInterfaceOrientationLandscapeRight";
				LD_RUNPATH_SEARCH_PATHS = (
					"$(inherited)",
					"@executable_path/Frameworks",
				);
				PRODUCT_BUNDLE_IDENTIFIER = dev.mjbraun.chiron;
				SDKROOT = iphoneos;
				TARGETED_DEVICE_FAMILY = 2;
			};
			name = Release;
		};
		E06D0C73D86D789F5AA89F08 /* Debug */ = {
			isa = XCBuildConfiguration;
			buildSettings = {
				ASSETCATALOG_COMPILER_APPICON_NAME = AppIcon;
				CODE_SIGN_IDENTITY = "iPhone Developer";
				CODE_SIGN_STYLE = Automatic;
				DEVELOPMENT_TEAM = ${CHIRON_TEAM_ID};
				GENERATE_INFOPLIST_FILE = YES;
				INFOPLIST_FILE = Chiron/Info.plist;
				INFOPLIST_KEY_UILaunchScreen_Generation = YES;
				INFOPLIST_KEY_UISupportedInterfaceOrientations_iPad = "UIInterfaceOrientationPortrait UIInterfaceOrientationLandscapeLeft UIInterfaceOrientationLandscapeRight";
				LD_RUNPATH_SEARCH_PATHS = (
					"$(inherited)",
					"@executable_path/Frameworks",
				);
				PRODUCT_BUNDLE_IDENTIFIER = dev.mjbraun.chiron;
				SDKROOT = iphoneos;
				TARGETED_DEVICE_FAMILY = 2;
			};
			name = Debug;
		};
/* End XCBuildConfiguration section */

/* Begin XCConfigurationList section */
		E26C8EA783A0643D4C901473 /* Build configuration list for PBXProject "Chiron" */ = {
			isa = XCConfigurationList;
			buildConfigurations = (
				2A9E31F90FB30FD54E28675E /* Debug */,
				17F5E588D0DC107374061A3A /* Release */,
			);
			defaultConfigurationIsVisible = 0;
			defaultConfigurationName = Debug;
		};
		F6A9856ADE9185E6A42C79C5 /* Build configuration list for PBXNativeTarget "Chiron" */ = {
			isa = XCConfigurationList;
			buildConfigurations = (
				E06D0C73D86D789F5AA89F08 /* Debug */,
				2C16569547EA9C5C6D113C20 /* Release */,
			);
			defaultConfigurationIsVisible = 0;
			defaultConfigurationName = Debug;
		};
/* End XCConfigurationList section */
	};
	rootObject = 88AF112FA0F27BB17F7933AB /* Project object */;
}
