// !$*UTF8*$!
{
	archiveVersion = 1;
	classes = {
	};
	objectVersion = 77;
	objects = {

/* Begin PBXBuildFile section */
		11C6CA0F7706D0D596463985 /* Citadel in Frameworks */ = {isa = PBXBuildFile; productRef = 3B941DBBC469D10A3B1E0278 /* Citadel */; };
		16A9A5DB1C932D1AA0E5D2B6 /* DocumentView.swift in Sources */ = {isa = PBXBuildFile; fileRef = 0F7D0A3E7087398F8D4FC327 /* DocumentView.swift */; };
		22F0DE026E6BA746E20C90FF /* katex in Resources */ = {isa = PBXBuildFile; fileRef = 68F5F83F9E5D2EEB587385EF /* katex */; };
		29364CDF3858A11CA746C64A /* BookSessionTests.swift in Sources */ = {isa = PBXBuildFile; fileRef = 4EF263EE8ABB8A188DA7D430 /* BookSessionTests.swift */; };
		2BDCB839CEB3F03E8538AAB4 /* Credentials.swift in Sources */ = {isa = PBXBuildFile; fileRef = 3091646F01947C00333241BA /* Credentials.swift */; };
		2BE94F6FD00ED91819B86BFA /* AgentLink.swift in Sources */ = {isa = PBXBuildFile; fileRef = AD7A860ADDAE2193268BFB3D /* AgentLink.swift */; };
		2D51AF2CD69C2BE7AD68D899 /* ChironShare.appex in Embed Foundation Extensions */ = {isa = PBXBuildFile; fileRef = 28F7F88426CD4C968CC09D9B /* ChironShare.appex */; settings = {ATTRIBUTES = (RemoveHeadersOnCopy, ); }; };
		32CA8ADA55C01966DD6D5E6A /* DeviceKeyTests.swift in Sources */ = {isa = PBXBuildFile; fileRef = F506717299A374C8AA31320C /* DeviceKeyTests.swift */; };
		333C9C37C4BAB0A05BF312D2 /* Shelves.swift in Sources */ = {isa = PBXBuildFile; fileRef = 427722519DFD8825A1A8F8E1 /* Shelves.swift */; };
		36028800328AA10BD32C4CD1 /* AnnotationSyncTests.swift in Sources */ = {isa = PBXBuildFile; fileRef = 8EC655B2BD00B82F94679D36 /* AnnotationSyncTests.swift */; };
		3769CB216DED3B8C1AC9C861 /* PlanCard.swift in Sources */ = {isa = PBXBuildFile; fileRef = 8CA421A578F067BB18B014B8 /* PlanCard.swift */; };
		3F19963DB080F3508ECC7EBF /* fixtures in Resources */ = {isa = PBXBuildFile; fileRef = 2A02C9562B8ECB9AF3BB69E3 /* fixtures */; };
		3FF7749AEF519CF6182B78F5 /* ShelvesTests.swift in Sources */ = {isa = PBXBuildFile; fileRef = C70DED1F5DFABB56685FE366 /* ShelvesTests.swift */; };
		447F160110B9562D6CFC7164 /* DeviceKey.swift in Sources */ = {isa = PBXBuildFile; fileRef = DEE5BEC3075A333377FEE436 /* DeviceKey.swift */; };
		4539CA3758EB6F2D6CB92C76 /* ShareViewController.swift in Sources */ = {isa = PBXBuildFile; fileRef = EC744D76E92336367D5C87CA /* ShareViewController.swift */; };
		49C25BFB2FE00A68F00BB1A9 /* book.css in Resources */ = {isa = PBXBuildFile; fileRef = 1F4412C6E6B26DC131C54235 /* book.css */; };
		4D335A02EAD9014A07BA9B60 /* TunnelTests.swift in Sources */ = {isa = PBXBuildFile; fileRef = B2E5D9B01B743228E1E20CC2 /* TunnelTests.swift */; };
		589DF50C741AFECB3E6FC8C5 /* AppCommandsTests.swift in Sources */ = {isa = PBXBuildFile; fileRef = 02CFD8848E081585E3567328 /* AppCommandsTests.swift */; };
		59F1078E57D0CDF81127B805 /* FixtureDecodingTests.swift in Sources */ = {isa = PBXBuildFile; fileRef = 473534689097CF5B3E8E2EE0 /* FixtureDecodingTests.swift */; };
		5C223EEF7AE0AF48A9942AE5 /* SelfTest.swift in Sources */ = {isa = PBXBuildFile; fileRef = 87AA842BA32080A6287EB9A6 /* SelfTest.swift */; };
		5C5177486F73797B65AEC2F6 /* ServerLink.swift in Sources */ = {isa = PBXBuildFile; fileRef = EF594A6B2BBA592AD908C66A /* ServerLink.swift */; };
		697E1069A2C785D7E0B08113 /* DocumentUITests.swift in Sources */ = {isa = PBXBuildFile; fileRef = 8F75DDE60F862648D8617F59 /* DocumentUITests.swift */; };
		6DFAE5171310C9CA93D24B36 /* SwiftTerm in Frameworks */ = {isa = PBXBuildFile; productRef = FB840DC1DA1441BC90473907 /* SwiftTerm */; };
		71EC2EC88B2349C813774D2C /* DeviceSetup.swift in Sources */ = {isa = PBXBuildFile; fileRef = 9FAC00EF426832574EAAAD75 /* DeviceSetup.swift */; };
		73C9290A5A8E44753FBA4E6B /* Harness.swift in Sources */ = {isa = PBXBuildFile; fileRef = 3C2E4E249BD2C1C75083AB14 /* Harness.swift */; };
		7BBA07442818BD5FB8B2120B /* ShellUITests.swift in Sources */ = {isa = PBXBuildFile; fileRef = C4FFE36747AF7BFC39412DFB /* ShellUITests.swift */; };
		7E27F835DD0D2A3170B49582 /* CaptureCard.swift in Sources */ = {isa = PBXBuildFile; fileRef = 36CD74CEBED525C2D6612866 /* CaptureCard.swift */; };
		88AD80E868C1EF47C403E25D /* Servers.swift in Sources */ = {isa = PBXBuildFile; fileRef = 2BD9A46CBDBDDEEAFF860927 /* Servers.swift */; };
		8A971C981578FB0592F8EA57 /* ShellView.swift in Sources */ = {isa = PBXBuildFile; fileRef = 2ECBF91310F511343F4FFC57 /* ShellView.swift */; };
		8B7415A0D57A05F203D74AE1 /* book.js in Resources */ = {isa = PBXBuildFile; fileRef = 756BF2C5D73A3EFF3BD5C55C /* book.js */; };
		8C8562A01FFD05DE4D17DD2A /* default-book.json in Resources */ = {isa = PBXBuildFile; fileRef = 4424A63E2C94C4589C4B5A8F /* default-book.json */; };
		8DBD6D9E13F6B6B1E994DA96 /* fonts in Resources */ = {isa = PBXBuildFile; fileRef = F6474556AF056C444945956F /* fonts */; };
		8E16A76DB235B59A1982B1C2 /* ConflictCard.swift in Sources */ = {isa = PBXBuildFile; fileRef = 0C60EC85CD36F118C2E61802 /* ConflictCard.swift */; };
		8ED6D42621BE0FB6FC4AF42C /* CaptureInbox.swift in Sources */ = {isa = PBXBuildFile; fileRef = 5CB9D6BA4C97360F27B08C71 /* CaptureInbox.swift */; };
		92A27FDF307807755C3BF474 /* InkBox.swift in Sources */ = {isa = PBXBuildFile; fileRef = 89B2BA152D8A07FC89372909 /* InkBox.swift */; };
		9A12A71D111DEE5FB1A1265C /* App.swift in Sources */ = {isa = PBXBuildFile; fileRef = 50A19EB4693171E14B4F6BAD /* App.swift */; };
		9C1950B7926C42C901494D19 /* PaletteUITests.swift in Sources */ = {isa = PBXBuildFile; fileRef = C8E1C5648D62DB91C6D0526E /* PaletteUITests.swift */; };
		A0641BBC47F65EC186C3AA87 /* Sync.swift in Sources */ = {isa = PBXBuildFile; fileRef = 4FDBD0C79377E20146856D09 /* Sync.swift */; };
		A67BB45B6191D6A590258527 /* CheckViews.swift in Sources */ = {isa = PBXBuildFile; fileRef = 4E21F930C36788EA6466D67F /* CheckViews.swift */; };
		AE21F9C86BD4FCE4E1716EA4 /* ShellSession.swift in Sources */ = {isa = PBXBuildFile; fileRef = 2439EC313A18D920AF6BD7D7 /* ShellSession.swift */; };
		AF29D4E2D309DDDCBC3C20E1 /* Models.swift in Sources */ = {isa = PBXBuildFile; fileRef = 6CE4AEBB512C66BBEEE9B508 /* Models.swift */; };
		B512708502B49BDBA48396AE /* ReaderView.swift in Sources */ = {isa = PBXBuildFile; fileRef = 8BD571F77D5FE9104A4A17F3 /* ReaderView.swift */; };
		B6C8F1C6D6698FD57D2187BC /* Palette.swift in Sources */ = {isa = PBXBuildFile; fileRef = 09BB0CC993F9898C0640FD10 /* Palette.swift */; };
		B7996DC5F59C3845AF37494F /* ToolTests.swift in Sources */ = {isa = PBXBuildFile; fileRef = C320D198DDCC096C88C8AE72 /* ToolTests.swift */; };
		B9A175DF049AD634567EB9E7 /* CaptureIntent.swift in Sources */ = {isa = PBXBuildFile; fileRef = FC2FBC78E603889DCE8A7AB8 /* CaptureIntent.swift */; };
		C0A392398F396033A2452726 /* AppCommands.swift in Sources */ = {isa = PBXBuildFile; fileRef = FB2C1359916EDCAC2B5CE1DF /* AppCommands.swift */; };
		C4B40CBDCAA3019109786987 /* Library.swift in Sources */ = {isa = PBXBuildFile; fileRef = 59D9E626478A65422345A2F1 /* Library.swift */; };
		C63E8AC4B2923CBE812FF629 /* WaitViews.swift in Sources */ = {isa = PBXBuildFile; fileRef = 402925421173333E62074B75 /* WaitViews.swift */; };
		C73A1A03EEFEAF7D3CB8F716 /* ServerLinkTests.swift in Sources */ = {isa = PBXBuildFile; fileRef = A9FA2A394B311F81D46FF299 /* ServerLinkTests.swift */; };
		CE4995FD409AD790A8F172C0 /* TeachView.swift in Sources */ = {isa = PBXBuildFile; fileRef = 6F177C08E551698E85C6707E /* TeachView.swift */; };
		D668A28376F693E15569C781 /* Tunnel.swift in Sources */ = {isa = PBXBuildFile; fileRef = 7C467FAF6F7C13BCA4900BE0 /* Tunnel.swift */; };
		D7298C18B730F83C6078BF84 /* Typography.swift in Sources */ = {isa = PBXBuildFile; fileRef = F9657BA2E7A99837373A3E6C /* Typography.swift */; };
		DD2CA6AC8A2B62274888FC97 /* Assets.xcassets in Resources */ = {isa = PBXBuildFile; fileRef = 478BD8C483632C32A1A65736 /* Assets.xcassets */; };
		DE0FA75FF93E9E201519A31F /* LibraryTests.swift in Sources */ = {isa = PBXBuildFile; fileRef = 2447080CF50CE77C06911B87 /* LibraryTests.swift */; };
		E4CF00591D7BD93045F53362 /* PrimerTests.swift in Sources */ = {isa = PBXBuildFile; fileRef = 189CF5F36D37A8D8CF0FCEFA /* PrimerTests.swift */; };
		E885811ACFCBA74CC50BAE93 /* AskCard.swift in Sources */ = {isa = PBXBuildFile; fileRef = FBC625AEF8F1DC8BFD298857 /* AskCard.swift */; };
		EA6D6DFB6801ED51ECF51D49 /* PlacementView.swift in Sources */ = {isa = PBXBuildFile; fileRef = 34A9FA4F8B8DAA26FA36F1D4 /* PlacementView.swift */; };
		EC192EC3A7993C18C79FF1DC /* CaptureInbox.swift in Sources */ = {isa = PBXBuildFile; fileRef = 5CB9D6BA4C97360F27B08C71 /* CaptureInbox.swift */; };
		EF6263AAD55F4D3147F1177C /* ShelvesUITests.swift in Sources */ = {isa = PBXBuildFile; fileRef = 18EC103D8B351FF945A71783 /* ShelvesUITests.swift */; };
		EF6C9F8A52A8EBC636C5D2C7 /* BookSession.swift in Sources */ = {isa = PBXBuildFile; fileRef = 88A8C3D184F56D0B771B098F /* BookSession.swift */; };
		F05899EFFD330B9C8D2E40DE /* ResultsView.swift in Sources */ = {isa = PBXBuildFile; fileRef = 79FB25B2A0E99E8DF4A73477 /* ResultsView.swift */; };
		F2ECDC1E394FEBDB5B86B36F /* MathText.swift in Sources */ = {isa = PBXBuildFile; fileRef = DF7A7AA69D4E3E6C07183050 /* MathText.swift */; };
		F4007FE511B8F95685F0238A /* DocumentTests.swift in Sources */ = {isa = PBXBuildFile; fileRef = BE752206919F84D991333DB9 /* DocumentTests.swift */; };
		F46447C3421936C299644C1C /* chapter.html in Resources */ = {isa = PBXBuildFile; fileRef = 6C775179B7AF96D0B1017B5E /* chapter.html */; };
/* End PBXBuildFile section */

/* Begin PBXContainerItemProxy section */
		0601ECDFB156CB2177E04182 /* PBXContainerItemProxy */ = {
			isa = PBXContainerItemProxy;
			containerPortal = 88AF112FA0F27BB17F7933AB /* Project object */;
			proxyType = 1;
			remoteGlobalIDString = DB5A1C674DC8A751C31B913E;
			remoteInfo = ChironShare;
		};
		8EC40D9A6E0CE8F6AC9B7AD8 /* PBXContainerItemProxy */ = {
			isa = PBXContainerItemProxy;
			containerPortal = 88AF112FA0F27BB17F7933AB /* Project object */;
			proxyType = 1;
			remoteGlobalIDString = D2AE88B4FBD262E09816A6CA;
			remoteInfo = Chiron;
		};
		9EE958C4777E89E339F23EFB /* PBXContainerItemProxy */ = {
			isa = PBXContainerItemProxy;
			containerPortal = 88AF112FA0F27BB17F7933AB /* Project object */;
			proxyType = 1;
			remoteGlobalIDString = D2AE88B4FBD262E09816A6CA;
			remoteInfo = Chiron;
		};
/* End PBXContainerItemProxy section */

/* Begin PBXCopyFilesBuildPhase section */
		AA45222CDBC2D89A94DFB3A9 /* Embed Foundation Extensions */ = {
			isa = PBXCopyFilesBuildPhase;
			buildActionMask = 2147483647;
			dstPath = "";
			dstSubfolderSpec = 13;
			files = (
				2D51AF2CD69C2BE7AD68D899 /* ChironShare.appex in Embed Foundation Extensions */,
			);
			name = "Embed Foundation Extensions";
			runOnlyForDeploymentPostprocessing = 0;
		};
/* End PBXCopyFilesBuildPhase section */

/* Begin PBXFileReference section */
		02CFD8848E081585E3567328 /* AppCommandsTests.swift */ = {isa = PBXFileReference; lastKnownFileType = sourcecode.swift; path = AppCommandsTests.swift; sourceTree = "<group>"; };
		09BB0CC993F9898C0640FD10 /* Palette.swift */ = {isa = PBXFileReference; lastKnownFileType = sourcecode.swift; path = Palette.swift; sourceTree = "<group>"; };
		0C60EC85CD36F118C2E61802 /* ConflictCard.swift */ = {isa = PBXFileReference; lastKnownFileType = sourcecode.swift; path = ConflictCard.swift; sourceTree = "<group>"; };
		0F7D0A3E7087398F8D4FC327 /* DocumentView.swift */ = {isa = PBXFileReference; lastKnownFileType = sourcecode.swift; path = DocumentView.swift; sourceTree = "<group>"; };
		189CF5F36D37A8D8CF0FCEFA /* PrimerTests.swift */ = {isa = PBXFileReference; lastKnownFileType = sourcecode.swift; path = PrimerTests.swift; sourceTree = "<group>"; };
		18EC103D8B351FF945A71783 /* ShelvesUITests.swift */ = {isa = PBXFileReference; lastKnownFileType = sourcecode.swift; path = ShelvesUITests.swift; sourceTree = "<group>"; };
		1CB1CBACDDC9D2B6E47206C7 /* Info.plist */ = {isa = PBXFileReference; lastKnownFileType = text.plist; path = Info.plist; sourceTree = "<group>"; };
		1F4412C6E6B26DC131C54235 /* book.css */ = {isa = PBXFileReference; lastKnownFileType = text.css; path = book.css; sourceTree = "<group>"; };
		2439EC313A18D920AF6BD7D7 /* ShellSession.swift */ = {isa = PBXFileReference; lastKnownFileType = sourcecode.swift; path = ShellSession.swift; sourceTree = "<group>"; };
		2447080CF50CE77C06911B87 /* LibraryTests.swift */ = {isa = PBXFileReference; lastKnownFileType = sourcecode.swift; path = LibraryTests.swift; sourceTree = "<group>"; };
		28F7F88426CD4C968CC09D9B /* ChironShare.appex */ = {isa = PBXFileReference; includeInIndex = 0; lastKnownFileType = "wrapper.app-extension"; path = ChironShare.appex; sourceTree = BUILT_PRODUCTS_DIR; };
		2A02C9562B8ECB9AF3BB69E3 /* fixtures */ = {isa = PBXFileReference; lastKnownFileType = folder; path = fixtures; sourceTree = SOURCE_ROOT; };
		2BD9A46CBDBDDEEAFF860927 /* Servers.swift */ = {isa = PBXFileReference; lastKnownFileType = sourcecode.swift; path = Servers.swift; sourceTree = "<group>"; };
		2D6F3642FDD052AC3AE16540 /* Chiron.app */ = {isa = PBXFileReference; includeInIndex = 0; lastKnownFileType = wrapper.application; path = Chiron.app; sourceTree = BUILT_PRODUCTS_DIR; };
		2ECBF91310F511343F4FFC57 /* ShellView.swift */ = {isa = PBXFileReference; lastKnownFileType = sourcecode.swift; path = ShellView.swift; sourceTree = "<group>"; };
		3091646F01947C00333241BA /* Credentials.swift */ = {isa = PBXFileReference; lastKnownFileType = sourcecode.swift; path = Credentials.swift; sourceTree = "<group>"; };
		32E3D848C82254762EEADDE1 /* Info.plist */ = {isa = PBXFileReference; lastKnownFileType = text.plist; path = Info.plist; sourceTree = "<group>"; };
		34A9FA4F8B8DAA26FA36F1D4 /* PlacementView.swift */ = {isa = PBXFileReference; lastKnownFileType = sourcecode.swift; path = PlacementView.swift; sourceTree = "<group>"; };
		36CD74CEBED525C2D6612866 /* CaptureCard.swift */ = {isa = PBXFileReference; lastKnownFileType = sourcecode.swift; path = CaptureCard.swift; sourceTree = "<group>"; };
		3C2E4E249BD2C1C75083AB14 /* Harness.swift */ = {isa = PBXFileReference; lastKnownFileType = sourcecode.swift; path = Harness.swift; sourceTree = "<group>"; };
		402925421173333E62074B75 /* WaitViews.swift */ = {isa = PBXFileReference; lastKnownFileType = sourcecode.swift; path = WaitViews.swift; sourceTree = "<group>"; };
		427722519DFD8825A1A8F8E1 /* Shelves.swift */ = {isa = PBXFileReference; lastKnownFileType = sourcecode.swift; path = Shelves.swift; sourceTree = "<group>"; };
		4424A63E2C94C4589C4B5A8F /* default-book.json */ = {isa = PBXFileReference; lastKnownFileType = text.json; path = "default-book.json"; sourceTree = "<group>"; };
		473534689097CF5B3E8E2EE0 /* FixtureDecodingTests.swift */ = {isa = PBXFileReference; lastKnownFileType = sourcecode.swift; path = FixtureDecodingTests.swift; sourceTree = "<group>"; };
		478BD8C483632C32A1A65736 /* Assets.xcassets */ = {isa = PBXFileReference; lastKnownFileType = folder.assetcatalog; path = Assets.xcassets; sourceTree = "<group>"; };
		4E21F930C36788EA6466D67F /* CheckViews.swift */ = {isa = PBXFileReference; lastKnownFileType = sourcecode.swift; path = CheckViews.swift; sourceTree = "<group>"; };
		4EF263EE8ABB8A188DA7D430 /* BookSessionTests.swift */ = {isa = PBXFileReference; lastKnownFileType = sourcecode.swift; path = BookSessionTests.swift; sourceTree = "<group>"; };
		4FDBD0C79377E20146856D09 /* Sync.swift */ = {isa = PBXFileReference; lastKnownFileType = sourcecode.swift; path = Sync.swift; sourceTree = "<group>"; };
		50A19EB4693171E14B4F6BAD /* App.swift */ = {isa = PBXFileReference; lastKnownFileType = sourcecode.swift; path = App.swift; sourceTree = "<group>"; };
		59D9E626478A65422345A2F1 /* Library.swift */ = {isa = PBXFileReference; lastKnownFileType = sourcecode.swift; path = Library.swift; sourceTree = "<group>"; };
		5CB9D6BA4C97360F27B08C71 /* CaptureInbox.swift */ = {isa = PBXFileReference; lastKnownFileType = sourcecode.swift; path = CaptureInbox.swift; sourceTree = "<group>"; };
		5DE8A15D97117302A293E524 /* ChironShare.entitlements */ = {isa = PBXFileReference; lastKnownFileType = text.plist.entitlements; path = ChironShare.entitlements; sourceTree = "<group>"; };
		68F5F83F9E5D2EEB587385EF /* katex */ = {isa = PBXFileReference; lastKnownFileType = folder; name = katex; path = Chiron/Resources/katex; sourceTree = SOURCE_ROOT; };
		6AE7728BDF3DDD9BB877C51A /* Chiron.entitlements */ = {isa = PBXFileReference; lastKnownFileType = text.plist.entitlements; path = Chiron.entitlements; sourceTree = "<group>"; };
		6C775179B7AF96D0B1017B5E /* chapter.html */ = {isa = PBXFileReference; lastKnownFileType = text.html; path = chapter.html; sourceTree = "<group>"; };
		6CE4AEBB512C66BBEEE9B508 /* Models.swift */ = {isa = PBXFileReference; lastKnownFileType = sourcecode.swift; path = Models.swift; sourceTree = "<group>"; };
		6F177C08E551698E85C6707E /* TeachView.swift */ = {isa = PBXFileReference; lastKnownFileType = sourcecode.swift; path = TeachView.swift; sourceTree = "<group>"; };
		756BF2C5D73A3EFF3BD5C55C /* book.js */ = {isa = PBXFileReference; lastKnownFileType = sourcecode.javascript; path = book.js; sourceTree = "<group>"; };
		79FB25B2A0E99E8DF4A73477 /* ResultsView.swift */ = {isa = PBXFileReference; lastKnownFileType = sourcecode.swift; path = ResultsView.swift; sourceTree = "<group>"; };
		7B0F074E09B2872B0CA5A339 /* ChironTests.xctest */ = {isa = PBXFileReference; includeInIndex = 0; lastKnownFileType = wrapper.cfbundle; path = ChironTests.xctest; sourceTree = BUILT_PRODUCTS_DIR; };
		7C467FAF6F7C13BCA4900BE0 /* Tunnel.swift */ = {isa = PBXFileReference; lastKnownFileType = sourcecode.swift; path = Tunnel.swift; sourceTree = "<group>"; };
		87AA842BA32080A6287EB9A6 /* SelfTest.swift */ = {isa = PBXFileReference; lastKnownFileType = sourcecode.swift; path = SelfTest.swift; sourceTree = "<group>"; };
		88A8C3D184F56D0B771B098F /* BookSession.swift */ = {isa = PBXFileReference; lastKnownFileType = sourcecode.swift; path = BookSession.swift; sourceTree = "<group>"; };
		89B2BA152D8A07FC89372909 /* InkBox.swift */ = {isa = PBXFileReference; lastKnownFileType = sourcecode.swift; path = InkBox.swift; sourceTree = "<group>"; };
		8BD571F77D5FE9104A4A17F3 /* ReaderView.swift */ = {isa = PBXFileReference; lastKnownFileType = sourcecode.swift; path = ReaderView.swift; sourceTree = "<group>"; };
		8BD9678583BF94A4041315CC /* ChironUITests.xctest */ = {isa = PBXFileReference; includeInIndex = 0; lastKnownFileType = wrapper.cfbundle; path = ChironUITests.xctest; sourceTree = BUILT_PRODUCTS_DIR; };
		8CA421A578F067BB18B014B8 /* PlanCard.swift */ = {isa = PBXFileReference; lastKnownFileType = sourcecode.swift; path = PlanCard.swift; sourceTree = "<group>"; };
		8EC655B2BD00B82F94679D36 /* AnnotationSyncTests.swift */ = {isa = PBXFileReference; lastKnownFileType = sourcecode.swift; path = AnnotationSyncTests.swift; sourceTree = "<group>"; };
		8F75DDE60F862648D8617F59 /* DocumentUITests.swift */ = {isa = PBXFileReference; lastKnownFileType = sourcecode.swift; path = DocumentUITests.swift; sourceTree = "<group>"; };
		9FAC00EF426832574EAAAD75 /* DeviceSetup.swift */ = {isa = PBXFileReference; lastKnownFileType = sourcecode.swift; path = DeviceSetup.swift; sourceTree = "<group>"; };
		A9FA2A394B311F81D46FF299 /* ServerLinkTests.swift */ = {isa = PBXFileReference; lastKnownFileType = sourcecode.swift; path = ServerLinkTests.swift; sourceTree = "<group>"; };
		AD7A860ADDAE2193268BFB3D /* AgentLink.swift */ = {isa = PBXFileReference; lastKnownFileType = sourcecode.swift; path = AgentLink.swift; sourceTree = "<group>"; };
		B2E5D9B01B743228E1E20CC2 /* TunnelTests.swift */ = {isa = PBXFileReference; lastKnownFileType = sourcecode.swift; path = TunnelTests.swift; sourceTree = "<group>"; };
		BE752206919F84D991333DB9 /* DocumentTests.swift */ = {isa = PBXFileReference; lastKnownFileType = sourcecode.swift; path = DocumentTests.swift; sourceTree = "<group>"; };
		C320D198DDCC096C88C8AE72 /* ToolTests.swift */ = {isa = PBXFileReference; lastKnownFileType = sourcecode.swift; path = ToolTests.swift; sourceTree = "<group>"; };
		C4FFE36747AF7BFC39412DFB /* ShellUITests.swift */ = {isa = PBXFileReference; lastKnownFileType = sourcecode.swift; path = ShellUITests.swift; sourceTree = "<group>"; };
		C70DED1F5DFABB56685FE366 /* ShelvesTests.swift */ = {isa = PBXFileReference; lastKnownFileType = sourcecode.swift; path = ShelvesTests.swift; sourceTree = "<group>"; };
		C8E1C5648D62DB91C6D0526E /* PaletteUITests.swift */ = {isa = PBXFileReference; lastKnownFileType = sourcecode.swift; path = PaletteUITests.swift; sourceTree = "<group>"; };
		DEE5BEC3075A333377FEE436 /* DeviceKey.swift */ = {isa = PBXFileReference; lastKnownFileType = sourcecode.swift; path = DeviceKey.swift; sourceTree = "<group>"; };
		DF7A7AA69D4E3E6C07183050 /* MathText.swift */ = {isa = PBXFileReference; lastKnownFileType = sourcecode.swift; path = MathText.swift; sourceTree = "<group>"; };
		EC744D76E92336367D5C87CA /* ShareViewController.swift */ = {isa = PBXFileReference; lastKnownFileType = sourcecode.swift; path = ShareViewController.swift; sourceTree = "<group>"; };
		EF594A6B2BBA592AD908C66A /* ServerLink.swift */ = {isa = PBXFileReference; lastKnownFileType = sourcecode.swift; path = ServerLink.swift; sourceTree = "<group>"; };
		F506717299A374C8AA31320C /* DeviceKeyTests.swift */ = {isa = PBXFileReference; lastKnownFileType = sourcecode.swift; path = DeviceKeyTests.swift; sourceTree = "<group>"; };
		F6474556AF056C444945956F /* fonts */ = {isa = PBXFileReference; lastKnownFileType = folder; name = fonts; path = ../assets/fonts; sourceTree = SOURCE_ROOT; };
		F9657BA2E7A99837373A3E6C /* Typography.swift */ = {isa = PBXFileReference; lastKnownFileType = sourcecode.swift; path = Typography.swift; sourceTree = "<group>"; };
		FB2C1359916EDCAC2B5CE1DF /* AppCommands.swift */ = {isa = PBXFileReference; lastKnownFileType = sourcecode.swift; path = AppCommands.swift; sourceTree = "<group>"; };
		FBC625AEF8F1DC8BFD298857 /* AskCard.swift */ = {isa = PBXFileReference; lastKnownFileType = sourcecode.swift; path = AskCard.swift; sourceTree = "<group>"; };
		FC2FBC78E603889DCE8A7AB8 /* CaptureIntent.swift */ = {isa = PBXFileReference; lastKnownFileType = sourcecode.swift; path = CaptureIntent.swift; sourceTree = "<group>"; };
/* End PBXFileReference section */

/* Begin PBXFrameworksBuildPhase section */
		634E3A46BAB5DB03DE0D1ED1 /* Frameworks */ = {
			isa = PBXFrameworksBuildPhase;
			buildActionMask = 2147483647;
			files = (
				6DFAE5171310C9CA93D24B36 /* SwiftTerm in Frameworks */,
				11C6CA0F7706D0D596463985 /* Citadel in Frameworks */,
			);
			runOnlyForDeploymentPostprocessing = 0;
		};
/* End PBXFrameworksBuildPhase section */

/* Begin PBXGroup section */
		18688403B5A7406E79EB56D8 /* Resources */ = {
			isa = PBXGroup;
			children = (
				1F4412C6E6B26DC131C54235 /* book.css */,
				756BF2C5D73A3EFF3BD5C55C /* book.js */,
				6C775179B7AF96D0B1017B5E /* chapter.html */,
				4424A63E2C94C4589C4B5A8F /* default-book.json */,
			);
			path = Resources;
			sourceTree = "<group>";
		};
		239752A9BB87BA2A94EADF28 /* Chiron */ = {
			isa = PBXGroup;
			children = (
				AD7A860ADDAE2193268BFB3D /* AgentLink.swift */,
				50A19EB4693171E14B4F6BAD /* App.swift */,
				FB2C1359916EDCAC2B5CE1DF /* AppCommands.swift */,
				FBC625AEF8F1DC8BFD298857 /* AskCard.swift */,
				478BD8C483632C32A1A65736 /* Assets.xcassets */,
				88A8C3D184F56D0B771B098F /* BookSession.swift */,
				36CD74CEBED525C2D6612866 /* CaptureCard.swift */,
				FC2FBC78E603889DCE8A7AB8 /* CaptureIntent.swift */,
				4E21F930C36788EA6466D67F /* CheckViews.swift */,
				6AE7728BDF3DDD9BB877C51A /* Chiron.entitlements */,
				0C60EC85CD36F118C2E61802 /* ConflictCard.swift */,
				3091646F01947C00333241BA /* Credentials.swift */,
				DEE5BEC3075A333377FEE436 /* DeviceKey.swift */,
				9FAC00EF426832574EAAAD75 /* DeviceSetup.swift */,
				0F7D0A3E7087398F8D4FC327 /* DocumentView.swift */,
				3C2E4E249BD2C1C75083AB14 /* Harness.swift */,
				1CB1CBACDDC9D2B6E47206C7 /* Info.plist */,
				89B2BA152D8A07FC89372909 /* InkBox.swift */,
				59D9E626478A65422345A2F1 /* Library.swift */,
				DF7A7AA69D4E3E6C07183050 /* MathText.swift */,
				6CE4AEBB512C66BBEEE9B508 /* Models.swift */,
				09BB0CC993F9898C0640FD10 /* Palette.swift */,
				34A9FA4F8B8DAA26FA36F1D4 /* PlacementView.swift */,
				8CA421A578F067BB18B014B8 /* PlanCard.swift */,
				8BD571F77D5FE9104A4A17F3 /* ReaderView.swift */,
				79FB25B2A0E99E8DF4A73477 /* ResultsView.swift */,
				87AA842BA32080A6287EB9A6 /* SelfTest.swift */,
				EF594A6B2BBA592AD908C66A /* ServerLink.swift */,
				2BD9A46CBDBDDEEAFF860927 /* Servers.swift */,
				2439EC313A18D920AF6BD7D7 /* ShellSession.swift */,
				2ECBF91310F511343F4FFC57 /* ShellView.swift */,
				427722519DFD8825A1A8F8E1 /* Shelves.swift */,
				4FDBD0C79377E20146856D09 /* Sync.swift */,
				6F177C08E551698E85C6707E /* TeachView.swift */,
				7C467FAF6F7C13BCA4900BE0 /* Tunnel.swift */,
				F9657BA2E7A99837373A3E6C /* Typography.swift */,
				402925421173333E62074B75 /* WaitViews.swift */,
				18688403B5A7406E79EB56D8 /* Resources */,
				B373B4D27CE420FC68217749 /* Shared */,
			);
			path = Chiron;
			sourceTree = "<group>";
		};
		4810D2B0E90D2CDCD6AA570D = {
			isa = PBXGroup;
			children = (
				2A02C9562B8ECB9AF3BB69E3 /* fixtures */,
				F6474556AF056C444945956F /* fonts */,
				68F5F83F9E5D2EEB587385EF /* katex */,
				239752A9BB87BA2A94EADF28 /* Chiron */,
				CD42F8DDD56D58AF332BFDAC /* ChironShare */,
				9DFC80362E7EF6702AF2C424 /* ChironTests */,
				8FBF47C7A0AB2931F2BDAB21 /* ChironUITests */,
				927FE4EDAA74BD3F9BCB9D38 /* Products */,
			);
			sourceTree = "<group>";
		};
		8FBF47C7A0AB2931F2BDAB21 /* ChironUITests */ = {
			isa = PBXGroup;
			children = (
				8F75DDE60F862648D8617F59 /* DocumentUITests.swift */,
				C8E1C5648D62DB91C6D0526E /* PaletteUITests.swift */,
				C4FFE36747AF7BFC39412DFB /* ShellUITests.swift */,
				18EC103D8B351FF945A71783 /* ShelvesUITests.swift */,
			);
			path = ChironUITests;
			sourceTree = "<group>";
		};
		927FE4EDAA74BD3F9BCB9D38 /* Products */ = {
			isa = PBXGroup;
			children = (
				2D6F3642FDD052AC3AE16540 /* Chiron.app */,
				28F7F88426CD4C968CC09D9B /* ChironShare.appex */,
				7B0F074E09B2872B0CA5A339 /* ChironTests.xctest */,
				8BD9678583BF94A4041315CC /* ChironUITests.xctest */,
			);
			name = Products;
			sourceTree = "<group>";
		};
		9DFC80362E7EF6702AF2C424 /* ChironTests */ = {
			isa = PBXGroup;
			children = (
				8EC655B2BD00B82F94679D36 /* AnnotationSyncTests.swift */,
				02CFD8848E081585E3567328 /* AppCommandsTests.swift */,
				4EF263EE8ABB8A188DA7D430 /* BookSessionTests.swift */,
				F506717299A374C8AA31320C /* DeviceKeyTests.swift */,
				BE752206919F84D991333DB9 /* DocumentTests.swift */,
				473534689097CF5B3E8E2EE0 /* FixtureDecodingTests.swift */,
				2447080CF50CE77C06911B87 /* LibraryTests.swift */,
				189CF5F36D37A8D8CF0FCEFA /* PrimerTests.swift */,
				A9FA2A394B311F81D46FF299 /* ServerLinkTests.swift */,
				C70DED1F5DFABB56685FE366 /* ShelvesTests.swift */,
				C320D198DDCC096C88C8AE72 /* ToolTests.swift */,
				B2E5D9B01B743228E1E20CC2 /* TunnelTests.swift */,
			);
			path = ChironTests;
			sourceTree = "<group>";
		};
		B373B4D27CE420FC68217749 /* Shared */ = {
			isa = PBXGroup;
			children = (
				5CB9D6BA4C97360F27B08C71 /* CaptureInbox.swift */,
			);
			path = Shared;
			sourceTree = "<group>";
		};
		CD42F8DDD56D58AF332BFDAC /* ChironShare */ = {
			isa = PBXGroup;
			children = (
				5DE8A15D97117302A293E524 /* ChironShare.entitlements */,
				32E3D848C82254762EEADDE1 /* Info.plist */,
				EC744D76E92336367D5C87CA /* ShareViewController.swift */,
			);
			path = ChironShare;
			sourceTree = "<group>";
		};
/* End PBXGroup section */

/* Begin PBXNativeTarget section */
		A4F43552C3F139E136515CC3 /* ChironTests */ = {
			isa = PBXNativeTarget;
			buildConfigurationList = AE183DDED563CBCD88E119B0 /* Build configuration list for PBXNativeTarget "ChironTests" */;
			buildPhases = (
				4E3FCC1F725ADB7A0CD3C807 /* Sources */,
				DA144B0BF043D4B7B17EDFF4 /* Resources */,
			);
			buildRules = (
			);
			dependencies = (
				A2E4C155BE77AC9B9ACF08A7 /* PBXTargetDependency */,
			);
			name = ChironTests;
			packageProductDependencies = (
			);
			productName = ChironTests;
			productReference = 7B0F074E09B2872B0CA5A339 /* ChironTests.xctest */;
			productType = "com.apple.product-type.bundle.unit-test";
		};
		D2AE88B4FBD262E09816A6CA /* Chiron */ = {
			isa = PBXNativeTarget;
			buildConfigurationList = F6A9856ADE9185E6A42C79C5 /* Build configuration list for PBXNativeTarget "Chiron" */;
			buildPhases = (
				073C707B38913B93631E77AA /* Sources */,
				B7549C662ED4B59B24639996 /* Resources */,
				634E3A46BAB5DB03DE0D1ED1 /* Frameworks */,
				AA45222CDBC2D89A94DFB3A9 /* Embed Foundation Extensions */,
			);
			buildRules = (
			);
			dependencies = (
				D4CE5938394D85C4C0A9C556 /* PBXTargetDependency */,
			);
			name = Chiron;
			packageProductDependencies = (
				FB840DC1DA1441BC90473907 /* SwiftTerm */,
				3B941DBBC469D10A3B1E0278 /* Citadel */,
			);
			productName = Chiron;
			productReference = 2D6F3642FDD052AC3AE16540 /* Chiron.app */;
			productType = "com.apple.product-type.application";
		};
		DB5A1C674DC8A751C31B913E /* ChironShare */ = {
			isa = PBXNativeTarget;
			buildConfigurationList = 4AA5A0B242E723BACDD1A52C /* Build configuration list for PBXNativeTarget "ChironShare" */;
			buildPhases = (
				BE9B56A8C6F886DD8019C6FE /* Sources */,
			);
			buildRules = (
			);
			dependencies = (
			);
			name = ChironShare;
			packageProductDependencies = (
			);
			productName = ChironShare;
			productReference = 28F7F88426CD4C968CC09D9B /* ChironShare.appex */;
			productType = "com.apple.product-type.app-extension";
		};
		F7086826F08D55654E4D1EF4 /* ChironUITests */ = {
			isa = PBXNativeTarget;
			buildConfigurationList = 0930265D7D89627B6BA3D240 /* Build configuration list for PBXNativeTarget "ChironUITests" */;
			buildPhases = (
				7D1669A85394AEA6DB79BC1C /* Sources */,
			);
			buildRules = (
			);
			dependencies = (
				68334B7AF37C4F0EFBB489DE /* PBXTargetDependency */,
			);
			name = ChironUITests;
			packageProductDependencies = (
			);
			productName = ChironUITests;
			productReference = 8BD9678583BF94A4041315CC /* ChironUITests.xctest */;
			productType = "com.apple.product-type.bundle.ui-testing";
		};
/* End PBXNativeTarget section */

/* Begin PBXProject section */
		88AF112FA0F27BB17F7933AB /* Project object */ = {
			isa = PBXProject;
			attributes = {
				BuildIndependentTargetsInParallel = YES;
				LastUpgradeCheck = 1430;
				TargetAttributes = {
					D2AE88B4FBD262E09816A6CA = {
						DevelopmentTeam = ${CHIRON_TEAM_ID};
						ProvisioningStyle = Automatic;
					};
					DB5A1C674DC8A751C31B913E = {
						DevelopmentTeam = ${CHIRON_TEAM_ID};
						ProvisioningStyle = Automatic;
					};
					F7086826F08D55654E4D1EF4 = {
						TestTargetID = D2AE88B4FBD262E09816A6CA;
					};
				};
			};
			buildConfigurationList = E26C8EA783A0643D4C901473 /* Build configuration list for PBXProject "Chiron" */;
			developmentRegion = en;
			hasScannedForEncodings = 0;
			knownRegions = (
				Base,
				en,
			);
			mainGroup = 4810D2B0E90D2CDCD6AA570D;
			minimizedProjectReferenceProxies = 1;
			packageReferences = (
				12B8564604A7C2B922C2674B /* XCRemoteSwiftPackageReference "Citadel" */,
				CE082277E8083C60B90F91B0 /* XCRemoteSwiftPackageReference "SwiftTerm" */,
			);
			preferredProjectObjectVersion = 77;
			productRefGroup = 927FE4EDAA74BD3F9BCB9D38 /* Products */;
			projectDirPath = "";
			projectRoot = "";
			targets = (
				D2AE88B4FBD262E09816A6CA /* Chiron */,
				DB5A1C674DC8A751C31B913E /* ChironShare */,
				F7086826F08D55654E4D1EF4 /* ChironUITests */,
				A4F43552C3F139E136515CC3 /* ChironTests */,
			);
		};
/* End PBXProject section */

/* Begin PBXResourcesBuildPhase section */
		B7549C662ED4B59B24639996 /* Resources */ = {
			isa = PBXResourcesBuildPhase;
			buildActionMask = 2147483647;
			files = (
				DD2CA6AC8A2B62274888FC97 /* Assets.xcassets in Resources */,
				49C25BFB2FE00A68F00BB1A9 /* book.css in Resources */,
				8B7415A0D57A05F203D74AE1 /* book.js in Resources */,
				F46447C3421936C299644C1C /* chapter.html in Resources */,
				8C8562A01FFD05DE4D17DD2A /* default-book.json in Resources */,
				8DBD6D9E13F6B6B1E994DA96 /* fonts in Resources */,
				22F0DE026E6BA746E20C90FF /* katex in Resources */,
			);
			runOnlyForDeploymentPostprocessing = 0;
		};
		DA144B0BF043D4B7B17EDFF4 /* Resources */ = {
			isa = PBXResourcesBuildPhase;
			buildActionMask = 2147483647;
			files = (
				3F19963DB080F3508ECC7EBF /* fixtures in Resources */,
			);
			runOnlyForDeploymentPostprocessing = 0;
		};
/* End PBXResourcesBuildPhase section */

/* Begin PBXSourcesBuildPhase section */
		073C707B38913B93631E77AA /* Sources */ = {
			isa = PBXSourcesBuildPhase;
			buildActionMask = 2147483647;
			files = (
				2BE94F6FD00ED91819B86BFA /* AgentLink.swift in Sources */,
				9A12A71D111DEE5FB1A1265C /* App.swift in Sources */,
				C0A392398F396033A2452726 /* AppCommands.swift in Sources */,
				E885811ACFCBA74CC50BAE93 /* AskCard.swift in Sources */,
				EF6C9F8A52A8EBC636C5D2C7 /* BookSession.swift in Sources */,
				7E27F835DD0D2A3170B49582 /* CaptureCard.swift in Sources */,
				8ED6D42621BE0FB6FC4AF42C /* CaptureInbox.swift in Sources */,
				B9A175DF049AD634567EB9E7 /* CaptureIntent.swift in Sources */,
				A67BB45B6191D6A590258527 /* CheckViews.swift in Sources */,
				8E16A76DB235B59A1982B1C2 /* ConflictCard.swift in Sources */,
				2BDCB839CEB3F03E8538AAB4 /* Credentials.swift in Sources */,
				447F160110B9562D6CFC7164 /* DeviceKey.swift in Sources */,
				71EC2EC88B2349C813774D2C /* DeviceSetup.swift in Sources */,
				16A9A5DB1C932D1AA0E5D2B6 /* DocumentView.swift in Sources */,
				73C9290A5A8E44753FBA4E6B /* Harness.swift in Sources */,
				92A27FDF307807755C3BF474 /* InkBox.swift in Sources */,
				C4B40CBDCAA3019109786987 /* Library.swift in Sources */,
				F2ECDC1E394FEBDB5B86B36F /* MathText.swift in Sources */,
				AF29D4E2D309DDDCBC3C20E1 /* Models.swift in Sources */,
				B6C8F1C6D6698FD57D2187BC /* Palette.swift in Sources */,
				EA6D6DFB6801ED51ECF51D49 /* PlacementView.swift in Sources */,
				3769CB216DED3B8C1AC9C861 /* PlanCard.swift in Sources */,
				B512708502B49BDBA48396AE /* ReaderView.swift in Sources */,
				F05899EFFD330B9C8D2E40DE /* ResultsView.swift in Sources */,
				5C223EEF7AE0AF48A9942AE5 /* SelfTest.swift in Sources */,
				5C5177486F73797B65AEC2F6 /* ServerLink.swift in Sources */,
				88AD80E868C1EF47C403E25D /* Servers.swift in Sources */,
				AE21F9C86BD4FCE4E1716EA4 /* ShellSession.swift in Sources */,
				8A971C981578FB0592F8EA57 /* ShellView.swift in Sources */,
				333C9C37C4BAB0A05BF312D2 /* Shelves.swift in Sources */,
				A0641BBC47F65EC186C3AA87 /* Sync.swift in Sources */,
				CE4995FD409AD790A8F172C0 /* TeachView.swift in Sources */,
				D668A28376F693E15569C781 /* Tunnel.swift in Sources */,
				D7298C18B730F83C6078BF84 /* Typography.swift in Sources */,
				C63E8AC4B2923CBE812FF629 /* WaitViews.swift in Sources */,
			);
			runOnlyForDeploymentPostprocessing = 0;
		};
		4E3FCC1F725ADB7A0CD3C807 /* Sources */ = {
			isa = PBXSourcesBuildPhase;
			buildActionMask = 2147483647;
			files = (
				36028800328AA10BD32C4CD1 /* AnnotationSyncTests.swift in Sources */,
				589DF50C741AFECB3E6FC8C5 /* AppCommandsTests.swift in Sources */,
				29364CDF3858A11CA746C64A /* BookSessionTests.swift in Sources */,
				32CA8ADA55C01966DD6D5E6A /* DeviceKeyTests.swift in Sources */,
				F4007FE511B8F95685F0238A /* DocumentTests.swift in Sources */,
				59F1078E57D0CDF81127B805 /* FixtureDecodingTests.swift in Sources */,
				DE0FA75FF93E9E201519A31F /* LibraryTests.swift in Sources */,
				E4CF00591D7BD93045F53362 /* PrimerTests.swift in Sources */,
				C73A1A03EEFEAF7D3CB8F716 /* ServerLinkTests.swift in Sources */,
				3FF7749AEF519CF6182B78F5 /* ShelvesTests.swift in Sources */,
				B7996DC5F59C3845AF37494F /* ToolTests.swift in Sources */,
				4D335A02EAD9014A07BA9B60 /* TunnelTests.swift in Sources */,
			);
			runOnlyForDeploymentPostprocessing = 0;
		};
		7D1669A85394AEA6DB79BC1C /* Sources */ = {
			isa = PBXSourcesBuildPhase;
			buildActionMask = 2147483647;
			files = (
				697E1069A2C785D7E0B08113 /* DocumentUITests.swift in Sources */,
				9C1950B7926C42C901494D19 /* PaletteUITests.swift in Sources */,
				7BBA07442818BD5FB8B2120B /* ShellUITests.swift in Sources */,
				EF6263AAD55F4D3147F1177C /* ShelvesUITests.swift in Sources */,
			);
			runOnlyForDeploymentPostprocessing = 0;
		};
		BE9B56A8C6F886DD8019C6FE /* Sources */ = {
			isa = PBXSourcesBuildPhase;
			buildActionMask = 2147483647;
			files = (
				EC192EC3A7993C18C79FF1DC /* CaptureInbox.swift in Sources */,
				4539CA3758EB6F2D6CB92C76 /* ShareViewController.swift in Sources */,
			);
			runOnlyForDeploymentPostprocessing = 0;
		};
/* End PBXSourcesBuildPhase section */

/* Begin PBXTargetDependency section */
		68334B7AF37C4F0EFBB489DE /* PBXTargetDependency */ = {
			isa = PBXTargetDependency;
			target = D2AE88B4FBD262E09816A6CA /* Chiron */;
			targetProxy = 8EC40D9A6E0CE8F6AC9B7AD8 /* PBXContainerItemProxy */;
		};
		A2E4C155BE77AC9B9ACF08A7 /* PBXTargetDependency */ = {
			isa = PBXTargetDependency;
			target = D2AE88B4FBD262E09816A6CA /* Chiron */;
			targetProxy = 9EE958C4777E89E339F23EFB /* PBXContainerItemProxy */;
		};
		D4CE5938394D85C4C0A9C556 /* PBXTargetDependency */ = {
			isa = PBXTargetDependency;
			target = DB5A1C674DC8A751C31B913E /* ChironShare */;
			targetProxy = 0601ECDFB156CB2177E04182 /* PBXContainerItemProxy */;
		};
/* End PBXTargetDependency section */

/* Begin XCBuildConfiguration section */
		17F5E588D0DC107374061A3A /* Release */ = {
			isa = XCBuildConfiguration;
			buildSettings = {
				ALWAYS_SEARCH_USER_PATHS = NO;
				CLANG_ANALYZER_NONNULL = YES;
				CLANG_ANALYZER_NUMBER_OBJECT_CONVERSION = YES_AGGRESSIVE;
				CLANG_CXX_LANGUAGE_STANDARD = "gnu++14";
				CLANG_CXX_LIBRARY = "libc++";
				CLANG_ENABLE_MODULES = YES;
				CLANG_ENABLE_OBJC_ARC = YES;
				CLANG_ENABLE_OBJC_WEAK = YES;
				CLANG_WARN_BLOCK_CAPTURE_AUTORELEASING = YES;
				CLANG_WARN_BOOL_CONVERSION = YES;
				CLANG_WARN_COMMA = YES;
				CLANG_WARN_CONSTANT_CONVERSION = YES;
				CLANG_WARN_DEPRECATED_OBJC_IMPLEMENTATIONS = YES;
				CLANG_WARN_DIRECT_OBJC_ISA_USAGE = YES_ERROR;
				CLANG_WARN_DOCUMENTATION_COMMENTS = YES;
				CLANG_WARN_EMPTY_BODY = YES;
				CLANG_WARN_ENUM_CONVERSION = YES;
				CLANG_WARN_INFINITE_RECURSION = YES;
				CLANG_WARN_INT_CONVERSION = YES;
				CLANG_WARN_NON_LITERAL_NULL_CONVERSION = YES;
				CLANG_WARN_OBJC_IMPLICIT_RETAIN_SELF = YES;
				CLANG_WARN_OBJC_LITERAL_CONVERSION = YES;
				CLANG_WARN_OBJC_ROOT_CLASS = YES_ERROR;
				CLANG_WARN_QUOTED_INCLUDE_IN_FRAMEWORK_HEADER = YES;
				CLANG_WARN_RANGE_LOOP_ANALYSIS = YES;
				CLANG_WARN_STRICT_PROTOTYPES = YES;
				CLANG_WARN_SUSPICIOUS_MOVE = YES;
				CLANG_WARN_UNGUARDED_AVAILABILITY = YES_AGGRESSIVE;
				CLANG_WARN_UNREACHABLE_CODE = YES;
				CLANG_WARN__DUPLICATE_METHOD_MATCH = YES;
				COPY_PHASE_STRIP = NO;
				DEBUG_INFORMATION_FORMAT = "dwarf-with-dsym";
				ENABLE_NS_ASSERTIONS = NO;
				ENABLE_STRICT_OBJC_MSGSEND = YES;
				GCC_C_LANGUAGE_STANDARD = gnu11;
				GCC_NO_COMMON_BLOCKS = YES;
				GCC_WARN_64_TO_32_BIT_CONVERSION = YES;
				GCC_WARN_ABOUT_RETURN_TYPE = YES_ERROR;
				GCC_WARN_UNDECLARED_SELECTOR = YES;
				GCC_WARN_UNINITIALIZED_AUTOS = YES_AGGRESSIVE;
				GCC_WARN_UNUSED_FUNCTION = YES;
				GCC_WARN_UNUSED_VARIABLE = YES;
				IPHONEOS_DEPLOYMENT_TARGET = 26.0;
				MTL_ENABLE_DEBUG_INFO = NO;
				MTL_FAST_MATH = YES;
				PRODUCT_NAME = "$(TARGET_NAME)";
				SDKROOT = iphoneos;
				SWIFT_COMPILATION_MODE = wholemodule;
				SWIFT_OPTIMIZATION_LEVEL = "-O";
				SWIFT_VERSION = 5.0;
			};
			name = Release;
		};
		2A9E31F90FB30FD54E28675E /* Debug */ = {
			isa = XCBuildConfiguration;
			buildSettings = {
				ALWAYS_SEARCH_USER_PATHS = NO;
				CLANG_ANALYZER_NONNULL = YES;
				CLANG_ANALYZER_NUMBER_OBJECT_CONVERSION = YES_AGGRESSIVE;
				CLANG_CXX_LANGUAGE_STANDARD = "gnu++14";
				CLANG_CXX_LIBRARY = "libc++";
				CLANG_ENABLE_MODULES = YES;
				CLANG_ENABLE_OBJC_ARC = YES;
				CLANG_ENABLE_OBJC_WEAK = YES;
				CLANG_WARN_BLOCK_CAPTURE_AUTORELEASING = YES;
				CLANG_WARN_BOOL_CONVERSION = YES;
				CLANG_WARN_COMMA = YES;
				CLANG_WARN_CONSTANT_CONVERSION = YES;
				CLANG_WARN_DEPRECATED_OBJC_IMPLEMENTATIONS = YES;
				CLANG_WARN_DIRECT_OBJC_ISA_USAGE = YES_ERROR;
				CLANG_WARN_DOCUMENTATION_COMMENTS = YES;
				CLANG_WARN_EMPTY_BODY = YES;
				CLANG_WARN_ENUM_CONVERSION = YES;
				CLANG_WARN_INFINITE_RECURSION = YES;
				CLANG_WARN_INT_CONVERSION = YES;
				CLANG_WARN_NON_LITERAL_NULL_CONVERSION = YES;
				CLANG_WARN_OBJC_IMPLICIT_RETAIN_SELF = YES;
				CLANG_WARN_OBJC_LITERAL_CONVERSION = YES;
				CLANG_WARN_OBJC_ROOT_CLASS = YES_ERROR;
				CLANG_WARN_QUOTED_INCLUDE_IN_FRAMEWORK_HEADER = YES;
				CLANG_WARN_RANGE_LOOP_ANALYSIS = YES;
				CLANG_WARN_STRICT_PROTOTYPES = YES;
				CLANG_WARN_SUSPICIOUS_MOVE = YES;
				CLANG_WARN_UNGUARDED_AVAILABILITY = YES_AGGRESSIVE;
				CLANG_WARN_UNREACHABLE_CODE = YES;
				CLANG_WARN__DUPLICATE_METHOD_MATCH = YES;
				COPY_PHASE_STRIP = NO;
				DEBUG_INFORMATION_FORMAT = dwarf;
				ENABLE_STRICT_OBJC_MSGSEND = YES;
				ENABLE_TESTABILITY = YES;
				GCC_C_LANGUAGE_STANDARD = gnu11;
				GCC_DYNAMIC_NO_PIC = NO;
				GCC_NO_COMMON_BLOCKS = YES;
				GCC_OPTIMIZATION_LEVEL = 0;
				GCC_PREPROCESSOR_DEFINITIONS = (
					"$(inherited)",
					"DEBUG=1",
				);
				GCC_WARN_64_TO_32_BIT_CONVERSION = YES;
				GCC_WARN_ABOUT_RETURN_TYPE = YES_ERROR;
				GCC_WARN_UNDECLARED_SELECTOR = YES;
				GCC_WARN_UNINITIALIZED_AUTOS = YES_AGGRESSIVE;
				GCC_WARN_UNUSED_FUNCTION = YES;
				GCC_WARN_UNUSED_VARIABLE = YES;
				IPHONEOS_DEPLOYMENT_TARGET = 26.0;
				MTL_ENABLE_DEBUG_INFO = INCLUDE_SOURCE;
				MTL_FAST_MATH = YES;
				ONLY_ACTIVE_ARCH = YES;
				PRODUCT_NAME = "$(TARGET_NAME)";
				SDKROOT = iphoneos;
				SWIFT_ACTIVE_COMPILATION_CONDITIONS = DEBUG;
				SWIFT_OPTIMIZATION_LEVEL = "-Onone";
				SWIFT_VERSION = 5.0;
			};
			name = Debug;
		};
		2C16569547EA9C5C6D113C20 /* Release */ = {
			isa = XCBuildConfiguration;
			buildSettings = {
				ASSETCATALOG_COMPILER_APPICON_NAME = AppIcon;
				CODE_SIGN_ENTITLEMENTS = Chiron/Chiron.entitlements;
				CODE_SIGN_IDENTITY = "iPhone Developer";
				CODE_SIGN_STYLE = Automatic;
				DEVELOPMENT_TEAM = ${CHIRON_TEAM_ID};
				GENERATE_INFOPLIST_FILE = YES;
				INFOPLIST_FILE = Chiron/Info.plist;
				INFOPLIST_KEY_UILaunchScreen_Generation = YES;
				INFOPLIST_KEY_UISupportedInterfaceOrientations_iPad = "UIInterfaceOrientationPortrait UIInterfaceOrientationPortraitUpsideDown UIInterfaceOrientationLandscapeLeft UIInterfaceOrientationLandscapeRight";
				INFOPLIST_KEY_UISupportedInterfaceOrientations_iPhone = UIInterfaceOrientationPortrait;
				LD_RUNPATH_SEARCH_PATHS = (
					"$(inherited)",
					"@executable_path/Frameworks",
				);
				PRODUCT_BUNDLE_IDENTIFIER = dev.mjbraun.chiron;
				SDKROOT = iphoneos;
				TARGETED_DEVICE_FAMILY = "1,2";
			};
			name = Release;
		};
		78625FB00748E9A97AF6C18D /* Release */ = {
			isa = XCBuildConfiguration;
			buildSettings = {
				CODE_SIGN_ENTITLEMENTS = ChironShare/ChironShare.entitlements;
				CODE_SIGN_STYLE = Automatic;
				CURRENT_PROJECT_VERSION = 1;
				DEVELOPMENT_TEAM = ${CHIRON_TEAM_ID};
				GENERATE_INFOPLIST_FILE = YES;
				INFOPLIST_FILE = ChironShare/Info.plist;
				INFOPLIST_KEY_CFBundleDisplayName = Chiron;
				LD_RUNPATH_SEARCH_PATHS = (
					"$(inherited)",
					"@executable_path/Frameworks",
					"@executable_path/../../Frameworks",
				);
				MARKETING_VERSION = 1.0;
				PRODUCT_BUNDLE_IDENTIFIER = dev.mjbraun.chiron.share;
				SDKROOT = iphoneos;
				TARGETED_DEVICE_FAMILY = "1,2";
			};
			name = Release;
		};
		8A6A7455C3051328E1E87AD6 /* Debug */ = {
			isa = XCBuildConfiguration;
			buildSettings = {
				CODE_SIGN_ENTITLEMENTS = ChironShare/ChironShare.entitlements;
				CODE_SIGN_STYLE = Automatic;
				CURRENT_PROJECT_VERSION = 1;
				DEVELOPMENT_TEAM = ${CHIRON_TEAM_ID};
				GENERATE_INFOPLIST_FILE = YES;
				INFOPLIST_FILE = ChironShare/Info.plist;
				INFOPLIST_KEY_CFBundleDisplayName = Chiron;
				LD_RUNPATH_SEARCH_PATHS = (
					"$(inherited)",
					"@executable_path/Frameworks",
					"@executable_path/../../Frameworks",
				);
				MARKETING_VERSION = 1.0;
				PRODUCT_BUNDLE_IDENTIFIER = dev.mjbraun.chiron.share;
				SDKROOT = iphoneos;
				TARGETED_DEVICE_FAMILY = "1,2";
			};
			name = Debug;
		};
		AE09B735968908C5EC5EE561 /* Debug */ = {
			isa = XCBuildConfiguration;
			buildSettings = {
				BUNDLE_LOADER = "$(TEST_HOST)";
				GENERATE_INFOPLIST_FILE = YES;
				LD_RUNPATH_SEARCH_PATHS = (
					"$(inherited)",
					"@executable_path/Frameworks",
					"@loader_path/Frameworks",
				);
				PRODUCT_BUNDLE_IDENTIFIER = com.mjbraun.ChironUITests;
				SDKROOT = iphoneos;
				TARGETED_DEVICE_FAMILY = "1,2";
				TEST_TARGET_NAME = Chiron;
			};
			name = Debug;
		};
		BB7891831DBE7291C5C71359 /* Debug */ = {
			isa = XCBuildConfiguration;
			buildSettings = {
				BUNDLE_LOADER = "$(TEST_HOST)";
				GENERATE_INFOPLIST_FILE = YES;
				LD_RUNPATH_SEARCH_PATHS = (
					"$(inherited)",
					"@executable_path/Frameworks",
					"@loader_path/Frameworks",
				);
				PRODUCT_BUNDLE_IDENTIFIER = com.mjbraun.ChironTests;
				SDKROOT = iphoneos;
				TARGETED_DEVICE_FAMILY = "1,2";
				TEST_HOST = "$(BUILT_PRODUCTS_DIR)/Chiron.app/Chiron";
			};
			name = Debug;
		};
		E06D0C73D86D789F5AA89F08 /* Debug */ = {
			isa = XCBuildConfiguration;
			buildSettings = {
				ASSETCATALOG_COMPILER_APPICON_NAME = AppIcon;
				CODE_SIGN_ENTITLEMENTS = Chiron/Chiron.entitlements;
				CODE_SIGN_IDENTITY = "iPhone Developer";
				CODE_SIGN_STYLE = Automatic;
				DEVELOPMENT_TEAM = ${CHIRON_TEAM_ID};
				GENERATE_INFOPLIST_FILE = YES;
				INFOPLIST_FILE = Chiron/Info.plist;
				INFOPLIST_KEY_UILaunchScreen_Generation = YES;
				INFOPLIST_KEY_UISupportedInterfaceOrientations_iPad = "UIInterfaceOrientationPortrait UIInterfaceOrientationPortraitUpsideDown UIInterfaceOrientationLandscapeLeft UIInterfaceOrientationLandscapeRight";
				INFOPLIST_KEY_UISupportedInterfaceOrientations_iPhone = UIInterfaceOrientationPortrait;
				LD_RUNPATH_SEARCH_PATHS = (
					"$(inherited)",
					"@executable_path/Frameworks",
				);
				PRODUCT_BUNDLE_IDENTIFIER = dev.mjbraun.chiron;
				SDKROOT = iphoneos;
				TARGETED_DEVICE_FAMILY = "1,2";
			};
			name = Debug;
		};
		EB67968C5DB2C37D55AAE38A /* Release */ = {
			isa = XCBuildConfiguration;
			buildSettings = {
				BUNDLE_LOADER = "$(TEST_HOST)";
				GENERATE_INFOPLIST_FILE = YES;
				LD_RUNPATH_SEARCH_PATHS = (
					"$(inherited)",
					"@executable_path/Frameworks",
					"@loader_path/Frameworks",
				);
				PRODUCT_BUNDLE_IDENTIFIER = com.mjbraun.ChironUITests;
				SDKROOT = iphoneos;
				TARGETED_DEVICE_FAMILY = "1,2";
				TEST_TARGET_NAME = Chiron;
			};
			name = Release;
		};
		FDD2C5FC2E28D39333140114 /* Release */ = {
			isa = XCBuildConfiguration;
			buildSettings = {
				BUNDLE_LOADER = "$(TEST_HOST)";
				GENERATE_INFOPLIST_FILE = YES;
				LD_RUNPATH_SEARCH_PATHS = (
					"$(inherited)",
					"@executable_path/Frameworks",
					"@loader_path/Frameworks",
				);
				PRODUCT_BUNDLE_IDENTIFIER = com.mjbraun.ChironTests;
				SDKROOT = iphoneos;
				TARGETED_DEVICE_FAMILY = "1,2";
				TEST_HOST = "$(BUILT_PRODUCTS_DIR)/Chiron.app/Chiron";
			};
			name = Release;
		};
/* End XCBuildConfiguration section */

/* Begin XCConfigurationList section */
		0930265D7D89627B6BA3D240 /* Build configuration list for PBXNativeTarget "ChironUITests" */ = {
			isa = XCConfigurationList;
			buildConfigurations = (
				AE09B735968908C5EC5EE561 /* Debug */,
				EB67968C5DB2C37D55AAE38A /* Release */,
			);
			defaultConfigurationIsVisible = 0;
			defaultConfigurationName = Debug;
		};
		4AA5A0B242E723BACDD1A52C /* Build configuration list for PBXNativeTarget "ChironShare" */ = {
			isa = XCConfigurationList;
			buildConfigurations = (
				8A6A7455C3051328E1E87AD6 /* Debug */,
				78625FB00748E9A97AF6C18D /* Release */,
			);
			defaultConfigurationIsVisible = 0;
			defaultConfigurationName = Debug;
		};
		AE183DDED563CBCD88E119B0 /* Build configuration list for PBXNativeTarget "ChironTests" */ = {
			isa = XCConfigurationList;
			buildConfigurations = (
				BB7891831DBE7291C5C71359 /* Debug */,
				FDD2C5FC2E28D39333140114 /* Release */,
			);
			defaultConfigurationIsVisible = 0;
			defaultConfigurationName = Debug;
		};
		E26C8EA783A0643D4C901473 /* Build configuration list for PBXProject "Chiron" */ = {
			isa = XCConfigurationList;
			buildConfigurations = (
				2A9E31F90FB30FD54E28675E /* Debug */,
				17F5E588D0DC107374061A3A /* Release */,
			);
			defaultConfigurationIsVisible = 0;
			defaultConfigurationName = Debug;
		};
		F6A9856ADE9185E6A42C79C5 /* Build configuration list for PBXNativeTarget "Chiron" */ = {
			isa = XCConfigurationList;
			buildConfigurations = (
				E06D0C73D86D789F5AA89F08 /* Debug */,
				2C16569547EA9C5C6D113C20 /* Release */,
			);
			defaultConfigurationIsVisible = 0;
			defaultConfigurationName = Debug;
		};
/* End XCConfigurationList section */

/* Begin XCRemoteSwiftPackageReference section */
		12B8564604A7C2B922C2674B /* XCRemoteSwiftPackageReference "Citadel" */ = {
			isa = XCRemoteSwiftPackageReference;
			repositoryURL = "https://github.com/orlandos-nl/Citadel.git";
			requirement = {
				kind = upToNextMajorVersion;
				minimumVersion = 0.12.1;
			};
		};
		CE082277E8083C60B90F91B0 /* XCRemoteSwiftPackageReference "SwiftTerm" */ = {
			isa = XCRemoteSwiftPackageReference;
			repositoryURL = "https://github.com/migueldeicaza/SwiftTerm.git";
			requirement = {
				kind = upToNextMajorVersion;
				minimumVersion = 1.20.0;
			};
		};
/* End XCRemoteSwiftPackageReference section */

/* Begin XCSwiftPackageProductDependency section */
		3B941DBBC469D10A3B1E0278 /* Citadel */ = {
			isa = XCSwiftPackageProductDependency;
			package = 12B8564604A7C2B922C2674B /* XCRemoteSwiftPackageReference "Citadel" */;
			productName = Citadel;
		};
		FB840DC1DA1441BC90473907 /* SwiftTerm */ = {
			isa = XCSwiftPackageProductDependency;
			package = CE082277E8083C60B90F91B0 /* XCRemoteSwiftPackageReference "SwiftTerm" */;
			productName = SwiftTerm;
		};
/* End XCSwiftPackageProductDependency section */
	};
	rootObject = 88AF112FA0F27BB17F7933AB /* Project object */;
}
